
Microsoft Visual Studio Solution File, Format Version 12.00
# Visual Studio Version 17
VisualStudioVersion = 17.8.34330.188
MinimumVisualStudioVersion = 10.0.40219.1
Project("{FAE04EC0-301F-11D3-BF4B-00C04F79EFBC}") = "MTGCardFile", "MTGCardFile\MTGCardFile.csproj", "{CD2F7B3D-D824-4D07-8933-F5D3D5033B03}"
EndProject
Global
	GlobalSection(SolutionConfigurationPlatforms) = preSolution
		Debug|Any CPU = Debug|Any CPU
		Release|Any CPU = Release|Any CPU
	EndGlobalSection
	GlobalSection(ProjectConfigurationPlatforms) = postSolution
		{CD2F7B3D-D824-4D07-8933-F5D3D5033B03}.Debug|Any CPU.ActiveCfg = Debug|Any CPU
		{CD2F7B3D-D824-4D07-8933-F5D3D5033B03}.Debug|Any CPU.Build.0 = Debug|Any CPU
		{CD2F7B3D-D824-4D07-8933-F5D3D5033B03}.Release|Any CPU.ActiveCfg = Release|Any CPU
		{CD2F7B3D-D824-4D07-8933-F5D3D5033B03}.Release|Any CPU.Build.0 = Release|Any CPU
	EndGlobalSection
	GlobalSection(SolutionProperties) = preSolution
		HideSolutionNode = FALSE
	EndGlobalSection
	GlobalSection(ExtensibilityGlobals) = postSolution
		SolutionGuid = {ED34269C-68C8-4498-A287-EED73EF55B8A}
	EndGlobalSection
EndGlobal
